// !$*UTF8*$!
{
	archiveVersion = 1;
	classes = {
	};
	objectVersion = 77;
	objects = {

/* Begin PBXContainerItemProxy section */
		249EC1A02FDBBB8E00D5DC4C /* PBXContainerItemProxy */ = {
			isa = PBXContainerItemProxy;
			containerPortal = 249EC18A2FDBBB8800D5DC4C /* Project object */;
			proxyType = 1;
			remoteGlobalIDString = 249EC1912FDBBB8800D5DC4C;
			remoteInfo = "Animations-Project6";
		};
		249EC1AA2FDBBB8E00D5DC4C /* PBXContainerItemProxy */ = {
			isa = PBXContainerItemProxy;
			containerPortal = 249EC18A2FDBBB8800D5DC4C /* Project object */;
			proxyType = 1;
			remoteGlobalIDString = 249EC1912FDBBB8800D5DC4C;
			remoteInfo = "Animations-Project6";
		};
/* End PBXContainerItemProxy section */

/* Begin PBXFileReference section */
		249EC1922FDBBB8800D5DC4C /* Animations-Project6.app */ = {isa = PBXFileReference; explicitFileType = wrapper.application; includeInIndex = 0; path = "Animations-Project6.app"; sourceTree = BUILT_PRODUCTS_DIR; };
		249EC19F2FDBBB8E00D5DC4C /* Animations-Project6Tests.xctest */ = {isa = PBXFileReference; explicitFileType = wrapper.cfbundle; includeInIndex = 0; path = "Animations-Project6Tests.xctest"; sourceTree = BUILT_PRODUCTS_DIR; };
		249EC1A92FDBBB8E00D5DC4C /* Animations-Project6UITests.xctest */ = {isa = PBXFileReference; explicitFileType = wrapper.cfbundle; includeInIndex = 0; path = "Animations-Project6UITests.xctest"; sourceTree = BUILT_PRODUCTS_DIR; };
/* End PBXFileReference section */

/* Begin PBXFileSystemSynchronizedRootGroup section */
		249EC1942FDBBB8800D5DC4C /* Animations-Project6 */ = {
			isa = PBXFileSystemSynchronizedRootGroup;
			path = "Animations-Project6";
			sourceTree = "<group>";
		};
		249EC1A22FDBBB8E00D5DC4C /* Animations-Project6Tests */ = {
			isa = PBXFileSystemSynchronizedRootGroup;
			path = "Animations-Project6Tests";
			sourceTree = "<group>";
		};
		249EC1AC2FDBBB8E00D5DC4C /* Animations-Project6UITests */ = {
			isa = PBXFileSystemSynchronizedRootGroup;
			path = "Animations-Project6UITests";
			sourceTree = "<group>";
		};
/* End PBXFileSystemSynchronizedRootGroup section */

/* Begin PBXFrameworksBuildPhase section */
		249EC18F2FDBBB8800D5DC4C /* Frameworks */ = {
			isa = PBXFrameworksBuildPhase;
			buildActionMask = 2147483647;
			files = (
			);
			runOnlyForDeploymentPostprocessing = 0;
		};
		249EC19C2FDBBB8E00D5DC4C /* Frameworks */ = {
			isa = PBXFrameworksBuildPhase;
			buildActionMask = 2147483647;
			files = (
			);
			runOnlyForDeploymentPostprocessing = 0;
		};
		249EC1A62FDBBB8E00D5DC4C /* Frameworks */ = {
			isa = PBXFrameworksBuildPhase;
			buildActionMask = 2147483647;
			files = (
			);
			runOnlyForDeploymentPostprocessing = 0;
		};
/* End PBXFrameworksBuildPhase section */

/* Begin PBXGroup section */
		249EC1892FDBBB8800D5DC4C = {
			isa = PBXGroup;
			children = (
				249EC1942FDBBB8800D5DC4C /* Animations-Project6 */,
				249EC1A22FDBBB8E00D5DC4C /* Animations-Project6Tests */,
				249EC1AC2FDBBB8E00D5DC4C /* Animations-Project6UITests */,
				249EC1932FDBBB8800D5DC4C /* Products */,
			);
			sourceTree = "<group>";
		};
		249EC1932FDBBB8800D5DC4C /* Products */ = {
			isa = PBXGroup;
			children = (
				249EC1922FDBBB8800D5DC4C /* Animations-Project6.app */,
				249EC19F2FDBBB8E00D5DC4C /* Animations-Project6Tests.xctest */,
				249EC1A92FDBBB8E00D5DC4C /* Animations-Project6UITests.xctest */,
			);
			name = Products;
			sourceTree = "<group>";
		};
/* End PBXGroup section */

/* Begin PBXNativeTarget section */
		249EC1912FDBBB8800D5DC4C /* Animations-Project6 */ = {
			isa = PBXNativeTarget;
			buildConfigurationList = 249EC1B32FDBBB8E00D5DC4C /* Build configuration list for PBXNativeTarget "Animations-Project6" */;
			buildPhases = (
				249EC18E2FDBBB8800D5DC4C /* Sources */,
				249EC18F2FDBBB8800D5DC4C /* Frameworks */,
				249EC1902FDBBB8800D5DC4C /* Resources */,
			);
			buildRules = (
			);
			dependencies = (
			);
			fileSystemSynchronizedGroups = (
				249EC1942FDBBB8800D5DC4C /* Animations-Project6 */,
			);
			name = "Animations-Project6";
			packageProductDependencies = (
			);
			productName = "Animations-Project6";
			productReference = 249EC1922FDBBB8800D5DC4C /* Animations-Project6.app */;
			productType = "com.apple.product-type.application";
		};
		249EC19E2FDBBB8E00D5DC4C /* Animations-Project6Tests */ = {
			isa = PBXNativeTarget;
			buildConfigurationList = 249EC1B62FDBBB8E00D5DC4C /* Build configuration list for PBXNativeTarget "Animations-Project6Tests" */;
			buildPhases = (
				249EC19B2FDBBB8E00D5DC4C /* Sources */,
				249EC19C2FDBBB8E00D5DC4C /* Frameworks */,
				249EC19D2FDBBB8E00D5DC4C /* Resources */,
			);
			buildRules = (
			);
			dependencies = (
				249EC1A12FDBBB8E00D5DC4C /* PBXTargetDependency */,
			);
			fileSystemSynchronizedGroups = (
				249EC1A22FDBBB8E00D5DC4C /* Animations-Project6Tests */,
			);
			name = "Animations-Project6Tests";
			packageProductDependencies = (
			);
			productName = "Animations-Project6Tests";
			productReference = 249EC19F2FDBBB8E00D5DC4C /* Animations-Project6Tests.xctest */;
			productType = "com.apple.product-type.bundle.unit-test";
		};
		249EC1A82FDBBB8E00D5DC4C /* Animations-Project6UITests */ = {
			isa = PBXNativeTarget;
			buildConfigurationList = 249EC1B92FDBBB8E00D5DC4C /* Build configuration list for PBXNativeTarget "Animations-Project6UITests" */;
			buildPhases = (
				249EC1A52FDBBB8E00D5DC4C /* Sources */,
				249EC1A62FDBBB8E00D5DC4C /* Frameworks */,
				249EC1A72FDBBB8E00D5DC4C /* Resources */,
			);
			buildRules = (
			);
			dependencies = (
				249EC1AB2FDBBB8E00D5DC4C /* PBXTargetDependency */,
			);
			fileSystemSynchronizedGroups = (
				249EC1AC2FDBBB8E00D5DC4C /* Animations-Project6UITests */,
			);
			name = "Animations-Project6UITests";
			packageProductDependencies = (
			);
			productName = "Animations-Project6UITests";
			productReference = 249EC1A92FDBBB8E00D5DC4C /* Animations-Project6UITests.xctest */;
			productType = "com.apple.product-type.bundle.ui-testing";
		};
/* End PBXNativeTarget section */

/* Begin PBXProject section */
		249EC18A2FDBBB8800D5DC4C /* Project object */ = {
			isa = PBXProject;
			attributes = {
				BuildIndependentTargetsInParallel = 1;
				LastSwiftUpdateCheck = 2630;
				LastUpgradeCheck = 2630;
				TargetAttributes = {
					249EC1912FDBBB8800D5DC4C = {
						CreatedOnToolsVersion = 26.3;
					};
					249EC19E2FDBBB8E00D5DC4C = {
						CreatedOnToolsVersion = 26.3;
						TestTargetID = 249EC1912FDBBB8800D5DC4C;
					};
					249EC1A82FDBBB8E00D5DC4C = {
						CreatedOnToolsVersion = 26.3;
						TestTargetID = 249EC1912FDBBB8800D5DC4C;
					};
				};
			};
			buildConfigurationList = 249EC18D2FDBBB8800D5DC4C /* Build configuration list for PBXProject "Animations-Project6" */;
			developmentRegion = en;
			hasScannedForEncodings = 0;
			knownRegions = (
				en,
				Base,
			);
			mainGroup = 249EC1892FDBBB8800D5DC4C;
			minimizedProjectReferenceProxies = 1;
			preferredProjectObjectVersion = 77;
			productRefGroup = 249EC1932FDBBB8800D5DC4C /* Products */;
			projectDirPath = "";
			projectRoot = "";
			targets = (
				249EC1912FDBBB8800D5DC4C /* Animations-Project6 */,
				249EC19E2FDBBB8E00D5DC4C /* Animations-Project6Tests */,
				249EC1A82FDBBB8E00D5DC4C /* Animations-Project6UITests */,
			);
		};
/* End PBXProject section */

/* Begin PBXResourcesBuildPhase section */
		249EC1902FDBBB8800D5DC4C /* Resources */ = {
			isa = PBXResourcesBuildPhase;
			buildActionMask = 2147483647;
			files = (
			);
			runOnlyForDeploymentPostprocessing = 0;
		};
		249EC19D2FDBBB8E00D5DC4C /* Resources */ = {
			isa = PBXResourcesBuildPhase;
			buildActionMask = 2147483647;
			files = (
			);
			runOnlyForDeploymentPostprocessing = 0;
		};
		249EC1A72FDBBB8E00D5DC4C /* Resources */ = {
			isa = PBXResourcesBuildPhase;
			buildActionMask = 2147483647;
			files = (
			);
			runOnlyForDeploymentPostprocessing = 0;
		};
/* End PBXResourcesBuildPhase section */

/* Begin PBXSourcesBuildPhase section */
		249EC18E2FDBBB8800D5DC4C /* Sources */ = {
			isa = PBXSourcesBuildPhase;
			buildActionMask = 2147483647;
			files = (
			);
			runOnlyForDeploymentPostprocessing = 0;
		};
		249EC19B2FDBBB8E00D5DC4C /* Sources */ = {
			isa = PBXSourcesBuildPhase;
			buildActionMask = 2147483647;
			files = (
			);
			runOnlyForDeploymentPostprocessing = 0;
		};
		249EC1A52FDBBB8E00D5DC4C /* Sources */ = {
			isa = PBXSourcesBuildPhase;
			buildActionMask = 2147483647;
			files = (
			);
			runOnlyForDeploymentPostprocessing = 0;
		};
/* End PBXSourcesBuildPhase section */

/* Begin PBXTargetDependency section */
		249EC1A12FDBBB8E00D5DC4C /* PBXTargetDependency */ = {
			isa = PBXTargetDependency;
			target = 249EC1912FDBBB8800D5DC4C /* Animations-Project6 */;
			targetProxy = 249EC1A02FDBBB8E00D5DC4C /* PBXContainerItemProxy */;
		};
		249EC1AB2FDBBB8E00D5DC4C /* PBXTargetDependency */ = {
			isa = PBXTargetDependency;
			target = 249EC1912FDBBB8800D5DC4C /* Animations-Project6 */;
			targetProxy = 249EC1AA2FDBBB8E00D5DC4C /* PBXContainerItemProxy */;
		};
/* End PBXTargetDependency section */

/* Begin XCBuildConfiguration section */
		249EC1B12FDBBB8E00D5DC4C /* Debug */ = {
			isa = XCBuildConfiguration;
			buildSettings = {
				ALWAYS_SEARCH_USER_PATHS = NO;
				ASSETCATALOG_COMPILER_GENERATE_SWIFT_ASSET_SYMBOL_EXTENSIONS = YES;
				CLANG_ANALYZER_NONNULL = YES;
				CLANG_ANALYZER_NUMBER_OBJECT_CONVERSION = YES_AGGRESSIVE;
				CLANG_CXX_LANGUAGE_STANDARD = "gnu++20";
				CLANG_ENABLE_MODULES = YES;
				CLANG_ENABLE_OBJC_ARC = YES;
				CLANG_ENABLE_OBJC_WEAK = YES;
				CLANG_WARN_BLOCK_CAPTURE_AUTORELEASING = YES;
				CLANG_WARN_BOOL_CONVERSION = YES;
				CLANG_WARN_COMMA = YES;
				CLANG_WARN_CONSTANT_CONVERSION = YES;
				CLANG_WARN_DEPRECATED_OBJC_IMPLEMENTATIONS = YES;
				CLANG_WARN_DIRECT_OBJC_ISA_USAGE = YES_ERROR;
				CLANG_WARN_DOCUMENTATION_COMMENTS = YES;
				CLANG_WARN_EMPTY_BODY = YES;
				CLANG_WARN_ENUM_CONVERSION = YES;
				CLANG_WARN_INFINITE_RECURSION = YES;
				CLANG_WARN_INT_CONVERSION = YES;
				CLANG_WARN_NON_LITERAL_NULL_CONVERSION = YES;
				CLANG_WARN_OBJC_IMPLICIT_RETAIN_SELF = YES;
				CLANG_WARN_OBJC_LITERAL_CONVERSION = YES;
				CLANG_WARN_OBJC_ROOT_CLASS = YES_ERROR;
				CLANG_WARN_QUOTED_INCLUDE_IN_FRAMEWORK_HEADER = YES;
				CLANG_WARN_RANGE_LOOP_ANALYSIS = YES;
				CLANG_WARN_STRICT_PROTOTYPES = YES;
				CLANG_WARN_SUSPICIOUS_MOVE = YES;
				CLANG_WARN_UNGUARDED_AVAILABILITY = YES_AGGRESSIVE;
				CLANG_WARN_UNREACHABLE_CODE = YES;
				CLANG_WARN__DUPLICATE_METHOD_MATCH = YES;
				COPY_PHASE_STRIP = NO;
				DEBUG_INFORMATION_FORMAT = dwarf;
				DEVELOPMENT_TEAM = RWM8V95XCG;
				ENABLE_STRICT_OBJC_MSGSEND = YES;
				ENABLE_TESTABILITY = YES;
				ENABLE_USER_SCRIPT_SANDBOXING = YES;
				GCC_C_LANGUAGE_STANDARD = gnu17;
				GCC_DYNAMIC_NO_PIC = NO;
				GCC_NO_COMMON_BLOCKS = YES;
				GCC_OPTIMIZATION_LEVEL = 0;
				GCC_PREPROCESSOR_DEFINITIONS = (
					"DEBUG=1",
					"$(inherited)",
				);
				GCC_WARN_64_TO_32_BIT_CONVERSION = YES;
				GCC_WARN_ABOUT_RETURN_TYPE = YES_ERROR;
				GCC_WARN_UNDECLARED_SELECTOR = YES;
				GCC_WARN_UNINITIALIZED_AUTOS = YES_AGGRESSIVE;
				GCC_WARN_UNUSED_FUNCTION = YES;
				GCC_WARN_UNUSED_VARIABLE = YES;
				IPHONEOS_DEPLOYMENT_TARGET = 26.2;
				LOCALIZATION_PREFERS_STRING_CATALOGS = YES;
				MTL_ENABLE_DEBUG_INFO = INCLUDE_SOURCE;
				MTL_FAST_MATH = YES;
				ONLY_ACTIVE_ARCH = YES;
				SDKROOT = iphoneos;
				SWIFT_ACTIVE_COMPILATION_CONDITIONS = "DEBUG $(inherited)";
				SWIFT_OPTIMIZATION_LEVEL = "-Onone";
			};
			name = Debug;
		};
		249EC1B22FDBBB8E00D5DC4C /* Release */ = {
			isa = XCBuildConfiguration;
			buildSettings = {
				ALWAYS_SEARCH_USER_PATHS = NO;
				ASSETCATALOG_COMPILER_GENERATE_SWIFT_ASSET_SYMBOL_EXTENSIONS = YES;
				CLANG_ANALYZER_NONNULL = YES;
				CLANG_ANALYZER_NUMBER_OBJECT_CONVERSION = YES_AGGRESSIVE;
				CLANG_CXX_LANGUAGE_STANDARD = "gnu++20";
				CLANG_ENABLE_MODULES = YES;
				CLANG_ENABLE_OBJC_ARC = YES;
				CLANG_ENABLE_OBJC_WEAK = YES;
				CLANG_WARN_BLOCK_CAPTURE_AUTORELEASING = YES;
				CLANG_WARN_BOOL_CONVERSION = YES;
				CLANG_WARN_COMMA = YES;
				CLANG_WARN_CONSTANT_CONVERSION = YES;
				CLANG_WARN_DEPRECATED_OBJC_IMPLEMENTATIONS = YES;
				CLANG_WARN_DIRECT_OBJC_ISA_USAGE = YES_ERROR;
				CLANG_WARN_DOCUMENTATION_COMMENTS = YES;
				CLANG_WARN_EMPTY_BODY = YES;
				CLANG_WARN_ENUM_CONVERSION = YES;
				CLANG_WARN_INFINITE_RECURSION = YES;
				CLANG_WARN_INT_CONVERSION = YES;
				CLANG_WARN_NON_LITERAL_NULL_CONVERSION = YES;
				CLANG_WARN_OBJC_IMPLICIT_RETAIN_SELF = YES;
				CLANG_WARN_OBJC_LITERAL_CONVERSION = YES;
				CLANG_WARN_OBJC_ROOT_CLASS = YES_ERROR;
				CLANG_WARN_QUOTED_INCLUDE_IN_FRAMEWORK_HEADER = YES;
				CLANG_WARN_RANGE_LOOP_ANALYSIS = YES;
				CLANG_WARN_STRICT_PROTOTYPES = YES;
				CLANG_WARN_SUSPICIOUS_MOVE = YES;
				CLANG_WARN_UNGUARDED_AVAILABILITY = YES_AGGRESSIVE;
				CLANG_WARN_UNREACHABLE_CODE = YES;
				CLANG_WARN__DUPLICATE_METHOD_MATCH = YES;
				COPY_PHASE_STRIP = NO;
				DEBUG_INFORMATION_FORMAT = "dwarf-with-dsym";
				DEVELOPMENT_TEAM = RWM8V95XCG;
				ENABLE_NS_ASSERTIONS = NO;
				ENABLE_STRICT_OBJC_MSGSEND = YES;
				ENABLE_USER_SCRIPT_SANDBOXING = YES;
				GCC_C_LANGUAGE_STANDARD = gnu17;
				GCC_NO_COMMON_BLOCKS = YES;
				GCC_WARN_64_TO_32_BIT_CONVERSION = YES;
				GCC_WARN_ABOUT_RETURN_TYPE = YES_ERROR;
				GCC_WARN_UNDECLARED_SELECTOR = YES;
				GCC_WARN_UNINITIALIZED_AUTOS = YES_AGGRESSIVE;
				GCC_WARN_UNUSED_FUNCTION = YES;
				GCC_WARN_UNUSED_VARIABLE = YES;
				IPHONEOS_DEPLOYMENT_TARGET = 26.2;
				LOCALIZATION_PREFERS_STRING_CATALOGS = YES;
				MTL_ENABLE_DEBUG_INFO = NO;
				MTL_FAST_MATH = YES;
				SDKROOT = iphoneos;
				SWIFT_COMPILATION_MODE = wholemodule;
				VALIDATE_PRODUCT = YES;
			};
			name = Release;
		};
		249EC1B42FDBBB8E00D5DC4C /* Debug */ = {
			isa = XCBuildConfiguration;
			buildSettings = {
				ASSETCATALOG_COMPILER_APPICON_NAME = AppIcon;
				ASSETCATALOG_COMPILER_GLOBAL_ACCENT_COLOR_NAME = AccentColor;
				CODE_SIGN_STYLE = Automatic;
				CURRENT_PROJECT_VERSION = 1;
				DEVELOPMENT_TEAM = RWM8V95XCG;
				ENABLE_PREVIEWS = YES;
				GENERATE_INFOPLIST_FILE = YES;
				INFOPLIST_KEY_UIApplicationSceneManifest_Generation = YES;
				INFOPLIST_KEY_UIApplicationSupportsIndirectInputEvents = YES;
				INFOPLIST_KEY_UILaunchScreen_Generation = YES;
				INFOPLIST_KEY_UISupportedInterfaceOrientations_iPad = "UIInterfaceOrientationPortrait UIInterfaceOrientationPortraitUpsideDown UIInterfaceOrientationLandscapeLeft UIInterfaceOrientationLandscapeRight";
				INFOPLIST_KEY_UISupportedInterfaceOrientations_iPhone = "UIInterfaceOrientationPortrait UIInterfaceOrientationLandscapeLeft UIInterfaceOrientationLandscapeRight";
				LD_RUNPATH_SEARCH_PATHS = (
					"$(inherited)",
					"@executable_path/Frameworks",
				);
				MARKETING_VERSION = 1.0;
				PRODUCT_BUNDLE_IDENTIFIER = "com.ThangLe.100DaysSwiftUi.Animations-Project6";
				PRODUCT_NAME = "$(TARGET_NAME)";
				STRING_CATALOG_GENERATE_SYMBOLS = YES;
				SWIFT_APPROACHABLE_CONCURRENCY = YES;
				SWIFT_DEFAULT_ACTOR_ISOLATION = MainActor;
				SWIFT_EMIT_LOC_STRINGS = YES;
				SWIFT_UPCOMING_FEATURE_MEMBER_IMPORT_VISIBILITY = YES;
				SWIFT_VERSION = 5.0;
				TARGETED_DEVICE_FAMILY = "1,2";
			};
			name = Debug;
		};
		249EC1B52FDBBB8E00D5DC4C /* Release */ = {
			isa = XCBuildConfiguration;
			buildSettings = {
				ASSETCATALOG_COMPILER_APPICON_NAME = AppIcon;
				ASSETCATALOG_COMPILER_GLOBAL_ACCENT_COLOR_NAME = AccentColor;
				CODE_SIGN_STYLE = Automatic;
				CURRENT_PROJECT_VERSION = 1;
				DEVELOPMENT_TEAM = RWM8V95XCG;
				ENABLE_PREVIEWS = YES;
				GENERATE_INFOPLIST_FILE = YES;
				INFOPLIST_KEY_UIApplicationSceneManifest_Generation = YES;
				INFOPLIST_KEY_UIApplicationSupportsIndirectInputEvents = YES;
				INFOPLIST_KEY_UILaunchScreen_Generation = YES;
				INFOPLIST_KEY_UISupportedInterfaceOrientations_iPad = "UIInterfaceOrientationPortrait UIInterfaceOrientationPortraitUpsideDown UIInterfaceOrientationLandscapeLeft UIInterfaceOrientationLandscapeRight";
				INFOPLIST_KEY_UISupportedInterfaceOrientations_iPhone = "UIInterfaceOrientationPortrait UIInterfaceOrientationLandscapeLeft UIInterfaceOrientationLandscapeRight";
				LD_RUNPATH_SEARCH_PATHS = (
					"$(inherited)",
					"@executable_path/Frameworks",
				);
				MARKETING_VERSION = 1.0;
				PRODUCT_BUNDLE_IDENTIFIER = "com.ThangLe.100DaysSwiftUi.Animations-Project6";
				PRODUCT_NAME = "$(TARGET_NAME)";
				STRING_CATALOG_GENERATE_SYMBOLS = YES;
				SWIFT_APPROACHABLE_CONCURRENCY = YES;
				SWIFT_DEFAULT_ACTOR_ISOLATION = MainActor;
				SWIFT_EMIT_LOC_STRINGS = YES;
				SWIFT_UPCOMING_FEATURE_MEMBER_IMPORT_VISIBILITY = YES;
				SWIFT_VERSION = 5.0;
				TARGETED_DEVICE_FAMILY = "1,2";
			};
			name = Release;
		};
		249EC1B72FDBBB8E00D5DC4C /* Debug */ = {
			isa = XCBuildConfiguration;
			buildSettings = {
				BUNDLE_LOADER = "$(TEST_HOST)";
				CODE_SIGN_STYLE = Automatic;
				CURRENT_PROJECT_VERSION = 1;
				DEVELOPMENT_TEAM = RWM8V95XCG;
				GENERATE_INFOPLIST_FILE = YES;
				IPHONEOS_DEPLOYMENT_TARGET = 26.2;
				MARKETING_VERSION = 1.0;
				PRODUCT_BUNDLE_IDENTIFIER = "com.ThangLe.100DaysSwiftUi.Animations-Project6Tests";
				PRODUCT_NAME = "$(TARGET_NAME)";
				STRING_CATALOG_GENERATE_SYMBOLS = NO;
				SWIFT_APPROACHABLE_CONCURRENCY = YES;
				SWIFT_EMIT_LOC_STRINGS = NO;
				SWIFT_UPCOMING_FEATURE_MEMBER_IMPORT_VISIBILITY = YES;
				SWIFT_VERSION = 5.0;
				TARGETED_DEVICE_FAMILY = "1,2";
				TEST_HOST = "$(BUILT_PRODUCTS_DIR)/Animations-Project6.app/$(BUNDLE_EXECUTABLE_FOLDER_PATH)/Animations-Project6";
			};
			name = Debug;
		};
		249EC1B82FDBBB8E00D5DC4C /* Release */ = {
			isa = XCBuildConfiguration;
			buildSettings = {
				BUNDLE_LOADER = "$(TEST_HOST)";
				CODE_SIGN_STYLE = Automatic;
				CURRENT_PROJECT_VERSION = 1;
				DEVELOPMENT_TEAM = RWM8V95XCG;
				GENERATE_INFOPLIST_FILE = YES;
				IPHONEOS_DEPLOYMENT_TARGET = 26.2;
				MARKETING_VERSION = 1.0;
				PRODUCT_BUNDLE_IDENTIFIER = "com.ThangLe.100DaysSwiftUi.Animations-Project6Tests";
				PRODUCT_NAME = "$(TARGET_NAME)";
				STRING_CATALOG_GENERATE_SYMBOLS = NO;
				SWIFT_APPROACHABLE_CONCURRENCY = YES;
				SWIFT_EMIT_LOC_STRINGS = NO;
				SWIFT_UPCOMING_FEATURE_MEMBER_IMPORT_VISIBILITY = YES;
				SWIFT_VERSION = 5.0;
				TARGETED_DEVICE_FAMILY = "1,2";
				TEST_HOST = "$(BUILT_PRODUCTS_DIR)/Animations-Project6.app/$(BUNDLE_EXECUTABLE_FOLDER_PATH)/Animations-Project6";
			};
			name = Release;
		};
		249EC1BA2FDBBB8E00D5DC4C /* Debug */ = {
			isa = XCBuildConfiguration;
			buildSettings = {
				CODE_SIGN_STYLE = Automatic;
				CURRENT_PROJECT_VERSION = 1;
				DEVELOPMENT_TEAM = RWM8V95XCG;
				GENERATE_INFOPLIST_FILE = YES;
				MARKETING_VERSION = 1.0;
				PRODUCT_BUNDLE_IDENTIFIER = "com.ThangLe.100DaysSwiftUi.Animations-Project6UITests";
				PRODUCT_NAME = "$(TARGET_NAME)";
				STRING_CATALOG_GENERATE_SYMBOLS = NO;
				SWIFT_APPROACHABLE_CONCURRENCY = YES;
				SWIFT_EMIT_LOC_STRINGS = NO;
				SWIFT_UPCOMING_FEATURE_MEMBER_IMPORT_VISIBILITY = YES;
				SWIFT_VERSION = 5.0;
				TARGETED_DEVICE_FAMILY = "1,2";
				TEST_TARGET_NAME = "Animations-Project6";
			};
			name = Debug;
		};
		249EC1BB2FDBBB8E00D5DC4C /* Release */ = {
			isa = XCBuildConfiguration;
			buildSettings = {
				CODE_SIGN_STYLE = Automatic;
				CURRENT_PROJECT_VERSION = 1;
				DEVELOPMENT_TEAM = RWM8V95XCG;
				GENERATE_INFOPLIST_FILE = YES;
				MARKETING_VERSION = 1.0;
				PRODUCT_BUNDLE_IDENTIFIER = "com.ThangLe.100DaysSwiftUi.Animations-Project6UITests";
				PRODUCT_NAME = "$(TARGET_NAME)";
				STRING_CATALOG_GENERATE_SYMBOLS = NO;
				SWIFT_APPROACHABLE_CONCURRENCY = YES;
				SWIFT_EMIT_LOC_STRINGS = NO;
				SWIFT_UPCOMING_FEATURE_MEMBER_IMPORT_VISIBILITY = YES;
				SWIFT_VERSION = 5.0;
				TARGETED_DEVICE_FAMILY = "1,2";
				TEST_TARGET_NAME = "Animations-Project6";
			};
			name = Release;
		};
/* End XCBuildConfiguration section */

/* Begin XCConfigurationList section */
		249EC18D2FDBBB8800D5DC4C /* Build configuration list for PBXProject "Animations-Project6" */ = {
			isa = XCConfigurationList;
			buildConfigurations = (
				249EC1B12FDBBB8E00D5DC4C /* Debug */,
				249EC1B22FDBBB8E00D5DC4C /* Release */,
			);
			defaultConfigurationIsVisible = 0;
			defaultConfigurationName = Release;
		};
		249EC1B32FDBBB8E00D5DC4C /* Build configuration list for PBXNativeTarget "Animations-Project6" */ = {
			isa = XCConfigurationList;
			buildConfigurations = (
				249EC1B42FDBBB8E00D5DC4C /* Debug */,
				249EC1B52FDBBB8E00D5DC4C /* Release */,
			);
			defaultConfigurationIsVisible = 0;
			defaultConfigurationName = Release;
		};
		249EC1B62FDBBB8E00D5DC4C /* Build configuration list for PBXNativeTarget "Animations-Project6Tests" */ = {
			isa = XCConfigurationList;
			buildConfigurations = (
				249EC1B72FDBBB8E00D5DC4C /* Debug */,
				249EC1B82FDBBB8E00D5DC4C /* Release */,
			);
			defaultConfigurationIsVisible = 0;
			defaultConfigurationName = Release;
		};
		249EC1B92FDBBB8E00D5DC4C /* Build configuration list for PBXNativeTarget "Animations-Project6UITests" */ = {
			isa = XCConfigurationList;
			buildConfigurations = (
				249EC1BA2FDBBB8E00D5DC4C /* Debug */,
				249EC1BB2FDBBB8E00D5DC4C /* Release */,
			);
			defaultConfigurationIsVisible = 0;
			defaultConfigurationName = Release;
		};
/* End XCConfigurationList section */
	};
	rootObject = 249EC18A2FDBBB8800D5DC4C /* Project object */;
}
